
Microsoft Visual Studio Solution File, Format Version 12.00
# Visual Studio Version 17
VisualStudioVersion = 17.13.35913.81 d17.13
MinimumVisualStudioVersion = 10.0.40219.1
Project("{FAE04EC0-301F-11D3-BF4B-00C04F79EFBC}") = "ParImpar", "ParImpar\ParImpar.csproj", "{D79F28EA-41AD-45E3-ACBE-BEF70F587E7A}"
EndProject
Project("{2150E333-8FDC-42A3-9474-1A3956D46DE8}") = "01", "01", "{02EA681E-C7D8-13C7-8484-4AC65E1B71E8}"
EndProject
Global
	GlobalSection(SolutionConfigurationPlatforms) = preSolution
		Debug|Any CPU = Debug|Any CPU
		Release|Any CPU = Release|Any CPU
	EndGlobalSection
	GlobalSection(ProjectConfigurationPlatforms) = postSolution
		{D79F28EA-41AD-45E3-ACBE-BEF70F587E7A}.Debug|Any CPU.ActiveCfg = Debug|Any CPU
		{D79F28EA-41AD-45E3-ACBE-BEF70F587E7A}.Debug|Any CPU.Build.0 = Debug|Any CPU
		{D79F28EA-41AD-45E3-ACBE-BEF70F587E7A}.Release|Any CPU.ActiveCfg = Release|Any CPU
		{D79F28EA-41AD-45E3-ACBE-BEF70F587E7A}.Release|Any CPU.Build.0 = Release|Any CPU
	EndGlobalSection
	GlobalSection(SolutionProperties) = preSolution
		HideSolutionNode = FALSE
	EndGlobalSection
	GlobalSection(NestedProjects) = preSolution
		{D79F28EA-41AD-45E3-ACBE-BEF70F587E7A} = {02EA681E-C7D8-13C7-8484-4AC65E1B71E8}
	EndGlobalSection
	GlobalSection(ExtensibilityGlobals) = postSolution
		SolutionGuid = {696DBBD5-AC31-4BF0-88BE-FAE03ADB7B40}
	EndGlobalSection
EndGlobal
